// !$*UTF8*$!
{
	archiveVersion = 1;
	classes = {
	};
	objectVersion = 48;
	objects = {

/* Begin PBXBuildFile section */
		BDE49EFE1F95254F00343C55 /* AppDelegate.swift in Sources */ = {isa = PBXBuildFile; fileRef = BDE49EFD1F95254F00343C55 /* AppDelegate.swift */; };
		BDE49F001F95254F00343C55 /* ViewController.swift in Sources */ = {isa = PBXBuildFile; fileRef = BDE49EFF1F95254F00343C55 /* ViewController.swift */; };
		BDE49F021F95254F00343C55 /* Assets.xcassets in Resources */ = {isa = PBXBuildFile; fileRef = BDE49F011F95254F00343C55 /* Assets.xcassets */; };
		BDE49F051F95254F00343C55 /* Main.storyboard in Resources */ = {isa = PBXBuildFile; fileRef = BDE49F031F95254F00343C55 /* Main.storyboard */; };
		BDE49F111F95254F00343C55 /* pabloTimerTests.swift in Sources */ = {isa = PBXBuildFile; fileRef = BDE49F101F95254F00343C55 /* pabloTimerTests.swift */; };
		BDE49F1C1F95254F00343C55 /* pabloTimerUITests.swift in Sources */ = {isa = PBXBuildFile; fileRef = BDE49F1B1F95254F00343C55 /* pabloTimerUITests.swift */; };
		BDE49F2C1F95337D00343C55 /* MainView.swift in Sources */ = {isa = PBXBuildFile; fileRef = BDE49F2B1F95337D00343C55 /* MainView.swift */; };
		BDE49F301F95440700343C55 /* TimerClass.swift in Sources */ = {isa = PBXBuildFile; fileRef = BDE49F2F1F95440700343C55 /* TimerClass.swift */; };
/* End PBXBuildFile section */

/* Begin PBXContainerItemProxy section */
		BDE49F0D1F95254F00343C55 /* PBXContainerItemProxy */ = {
			isa = PBXContainerItemProxy;
			containerPortal = BDE49EF21F95254E00343C55 /* Project object */;
			proxyType = 1;
			remoteGlobalIDString = BDE49EF91F95254F00343C55;
			remoteInfo = pabloTimer;
		};
		BDE49F181F95254F00343C55 /* PBXContainerItemProxy */ = {
			isa = PBXContainerItemProxy;
			containerPortal = BDE49EF21F95254E00343C55 /* Project object */;
			proxyType = 1;
			remoteGlobalIDString = BDE49EF91F95254F00343C55;
			remoteInfo = pabloTimer;
		};
/* End PBXContainerItemProxy section */

/* Begin PBXFileReference section */
		BDE49EFA1F95254F00343C55 /* pabloTimer.app */ = {isa = PBXFileReference; explicitFileType = wrapper.application; includeInIndex = 0; path = pabloTimer.app; sourceTree = BUILT_PRODUCTS_DIR; };
		BDE49EFD1F95254F00343C55 /* AppDelegate.swift */ = {isa = PBXFileReference; lastKnownFileType = sourcecode.swift; path = AppDelegate.swift; sourceTree = "<group>"; };
		BDE49EFF1F95254F00343C55 /* ViewController.swift */ = {isa = PBXFileReference; lastKnownFileType = sourcecode.swift; path = ViewController.swift; sourceTree = "<group>"; };
		BDE49F011F95254F00343C55 /* Assets.xcassets */ = {isa = PBXFileReference; lastKnownFileType = folder.assetcatalog; path = Assets.xcassets; sourceTree = "<group>"; };
		BDE49F041F95254F00343C55 /* Base */ = {isa = PBXFileReference; lastKnownFileType = file.storyboard; name = Base; path = Base.lproj/Main.storyboard; sourceTree = "<group>"; };
		BDE49F061F95254F00343C55 /* Info.plist */ = {isa = PBXFileReference; lastKnownFileType = text.plist.xml; path = Info.plist; sourceTree = "<group>"; };
		BDE49F071F95254F00343C55 /* pabloTimer.entitlements */ = {isa = PBXFileReference; lastKnownFileType = text.plist.entitlements; path = pabloTimer.entitlements; sourceTree = "<group>"; };
		BDE49F0C1F95254F00343C55 /* pabloTimerTests.xctest */ = {isa = PBXFileReference; explicitFileType = wrapper.cfbundle; includeInIndex = 0; path = pabloTimerTests.xctest; sourceTree = BUILT_PRODUCTS_DIR; };
		BDE49F101F95254F00343C55 /* pabloTimerTests.swift */ = {isa = PBXFileReference; lastKnownFileType = sourcecode.swift; path = pabloTimerTests.swift; sourceTree = "<group>"; };
		BDE49F121F95254F00343C55 /* Info.plist */ = {isa = PBXFileReference; lastKnownFileType = text.plist.xml; path = Info.plist; sourceTree = "<group>"; };
		BDE49F171F95254F00343C55 /* pabloTimerUITests.xctest */ = {isa = PBXFileReference; explicitFileType = wrapper.cfbundle; includeInIndex = 0; path = pabloTimerUITests.xctest; sourceTree = BUILT_PRODUCTS_DIR; };
		BDE49F1B1F95254F00343C55 /* pabloTimerUITests.swift */ = {isa = PBXFileReference; lastKnownFileType = sourcecode.swift; path = pabloTimerUITests.swift; sourceTree = "<group>"; };
		BDE49F1D1F95254F00343C55 /* Info.plist */ = {isa = PBXFileReference; lastKnownFileType = text.plist.xml; path = Info.plist; sourceTree = "<group>"; };
		BDE49F2B1F95337D00343C55 /* MainView.swift */ = {isa = PBXFileReference; lastKnownFileType = sourcecode.swift; path = MainView.swift; sourceTree = "<group>"; };
		BDE49F2F1F95440700343C55 /* TimerClass.swift */ = {isa = PBXFileReference; lastKnownFileType = sourcecode.swift; path = TimerClass.swift; sourceTree = "<group>"; };
/* End PBXFileReference section */

/* Begin PBXFrameworksBuildPhase section */
		BDE49EF71F95254F00343C55 /* Frameworks */ = {
			isa = PBXFrameworksBuildPhase;
			buildActionMask = 2147483647;
			files = (
			);
			runOnlyForDeploymentPostprocessing = 0;
		};
		BDE49F091F95254F00343C55 /* Frameworks */ = {
			isa = PBXFrameworksBuildPhase;
			buildActionMask = 2147483647;
			files = (
			);
			runOnlyForDeploymentPostprocessing = 0;
		};
		BDE49F141F95254F00343C55 /* Frameworks */ = {
			isa = PBXFrameworksBuildPhase;
			buildActionMask = 2147483647;
			files = (
			);
			runOnlyForDeploymentPostprocessing = 0;
		};
/* End PBXFrameworksBuildPhase section */

/* Begin PBXGroup section */
		BDE49EF11F95254E00343C55 = {
			isa = PBXGroup;
			children = (
				BDE49EFC1F95254F00343C55 /* pabloTimer */,
				BDE49F0F1F95254F00343C55 /* pabloTimerTests */,
				BDE49F1A1F95254F00343C55 /* pabloTimerUITests */,
				BDE49EFB1F95254F00343C55 /* Products */,
			);
			sourceTree = "<group>";
		};
		BDE49EFB1F95254F00343C55 /* Products */ = {
			isa = PBXGroup;
			children = (
				BDE49EFA1F95254F00343C55 /* pabloTimer.app */,
				BDE49F0C1F95254F00343C55 /* pabloTimerTests.xctest */,
				BDE49F171F95254F00343C55 /* pabloTimerUITests.xctest */,
			);
			name = Products;
			sourceTree = "<group>";
		};
		BDE49EFC1F95254F00343C55 /* pabloTimer */ = {
			isa = PBXGroup;
			children = (
				BDE49EFD1F95254F00343C55 /* AppDelegate.swift */,
				BDE49EFF1F95254F00343C55 /* ViewController.swift */,
				BDE49F2F1F95440700343C55 /* TimerClass.swift */,
				BDE49F011F95254F00343C55 /* Assets.xcassets */,
				BDE49F031F95254F00343C55 /* Main.storyboard */,
				BDE49F2B1F95337D00343C55 /* MainView.swift */,
				BDE49F061F95254F00343C55 /* Info.plist */,
				BDE49F071F95254F00343C55 /* pabloTimer.entitlements */,
			);
			path = pabloTimer;
			sourceTree = "<group>";
		};
		BDE49F0F1F95254F00343C55 /* pabloTimerTests */ = {
			isa = PBXGroup;
			children = (
				BDE49F101F95254F00343C55 /* pabloTimerTests.swift */,
				BDE49F121F95254F00343C55 /* Info.plist */,
			);
			path = pabloTimerTests;
			sourceTree = "<group>";
		};
		BDE49F1A1F95254F00343C55 /* pabloTimerUITests */ = {
			isa = PBXGroup;
			children = (
				BDE49F1B1F95254F00343C55 /* pabloTimerUITests.swift */,
				BDE49F1D1F95254F00343C55 /* Info.plist */,
			);
			path = pabloTimerUITests;
			sourceTree = "<group>";
		};
/* End PBXGroup section */

/* Begin PBXNativeTarget section */
		BDE49EF91F95254F00343C55 /* pabloTimer */ = {
			isa = PBXNativeTarget;
			buildConfigurationList = BDE49F201F95254F00343C55 /* Build configuration list for PBXNativeTarget "pabloTimer" */;
			buildPhases = (
				BDE49EF61F95254F00343C55 /* Sources */,
				BDE49EF71F95254F00343C55 /* Frameworks */,
				BDE49EF81F95254F00343C55 /* Resources */,
			);
			buildRules = (
			);
			dependencies = (
			);
			name = pabloTimer;
			productName = pabloTimer;
			productReference = BDE49EFA1F95254F00343C55 /* pabloTimer.app */;
			productType = "com.apple.product-type.application";
		};
		BDE49F0B1F95254F00343C55 /* pabloTimerTests */ = {
			isa = PBXNativeTarget;
			buildConfigurationList = BDE49F231F95254F00343C55 /* Build configuration list for PBXNativeTarget "pabloTimerTests" */;
			buildPhases = (
				BDE49F081F95254F00343C55 /* Sources */,
				BDE49F091F95254F00343C55 /* Frameworks */,
				BDE49F0A1F95254F00343C55 /* Resources */,
			);
			buildRules = (
			);
			dependencies = (
				BDE49F0E1F95254F00343C55 /* PBXTargetDependency */,
			);
			name = pabloTimerTests;
			productName = pabloTimerTests;
			productReference = BDE49F0C1F95254F00343C55 /* pabloTimerTests.xctest */;
			productType = "com.apple.product-type.bundle.unit-test";
		};
		BDE49F161F95254F00343C55 /* pabloTimerUITests */ = {
			isa = PBXNativeTarget;
			buildConfigurationList = BDE49F261F95254F00343C55 /* Build configuration list for PBXNativeTarget "pabloTimerUITests" */;
			buildPhases = (
				BDE49F131F95254F00343C55 /* Sources */,
				BDE49F141F95254F00343C55 /* Frameworks */,
				BDE49F151F95254F00343C55 /* Resources */,
			);
			buildRules = (
			);
			dependencies = (
				BDE49F191F95254F00343C55 /* PBXTargetDependency */,
			);
			name = pabloTimerUITests;
			productName = pabloTimerUITests;
			productReference = BDE49F171F95254F00343C55 /* pabloTimerUITests.xctest */;
			productType = "com.apple.product-type.bundle.ui-testing";
		};
/* End PBXNativeTarget section */

/* Begin PBXProject section */
		BDE49EF21F95254E00343C55 /* Project object */ = {
			isa = PBXProject;
			attributes = {
				LastSwiftUpdateCheck = 0900;
				LastUpgradeCheck = 0900;
				ORGANIZATIONNAME = "Colin Walsh";
				TargetAttributes = {
					BDE49EF91F95254F00343C55 = {
						CreatedOnToolsVersion = 9.0;
						ProvisioningStyle = Automatic;
					};
					BDE49F0B1F95254F00343C55 = {
						CreatedOnToolsVersion = 9.0;
						ProvisioningStyle = Automatic;
						TestTargetID = BDE49EF91F95254F00343C55;
					};
					BDE49F161F95254F00343C55 = {
						CreatedOnToolsVersion = 9.0;
						ProvisioningStyle = Automatic;
						TestTargetID = BDE49EF91F95254F00343C55;
					};
				};
			};
			buildConfigurationList = BDE49EF51F95254E00343C55 /* Build configuration list for PBXProject "pabloTimer" */;
			compatibilityVersion = "Xcode 8.0";
			developmentRegion = en;
			hasScannedForEncodings = 0;
			knownRegions = (
				en,
				Base,
			);
			mainGroup = BDE49EF11F95254E00343C55;
			productRefGroup = BDE49EFB1F95254F00343C55 /* Products */;
			projectDirPath = "";
			projectRoot = "";
			targets = (
				BDE49EF91F95254F00343C55 /* pabloTimer */,
				BDE49F0B1F95254F00343C55 /* pabloTimerTests */,
				BDE49F161F95254F00343C55 /* pabloTimerUITests */,
			);
		};
/* End PBXProject section */

/* Begin PBXResourcesBuildPhase section */
		BDE49EF81F95254F00343C55 /* Resources */ = {
			isa = PBXResourcesBuildPhase;
			buildActionMask = 2147483647;
			files = (
				BDE49F021F95254F00343C55 /* Assets.xcassets in Resources */,
				BDE49F051F95254F00343C55 /* Main.storyboard in Resources */,
			);
			runOnlyForDeploymentPostprocessing = 0;
		};
		BDE49F0A1F95254F00343C55 /* Resources */ = {
			isa = PBXResourcesBuildPhase;
			buildActionMask = 2147483647;
			files = (
			);
			runOnlyForDeploymentPostprocessing = 0;
		};
		BDE49F151F95254F00343C55 /* Resources */ = {
			isa = PBXResourcesBuildPhase;
			buildActionMask = 2147483647;
			files = (
			);
			runOnlyForDeploymentPostprocessing = 0;
		};
/* End PBXResourcesBuildPhase section */

/* Begin PBXSourcesBuildPhase section */
		BDE49EF61F95254F00343C55 /* Sources */ = {
			isa = PBXSourcesBuildPhase;
			buildActionMask = 2147483647;
			files = (
				BDE49F001F95254F00343C55 /* ViewController.swift in Sources */,
				BDE49F2C1F95337D00343C55 /* MainView.swift in Sources */,
				BDE49F301F95440700343C55 /* TimerClass.swift in Sources */,
				BDE49EFE1F95254F00343C55 /* AppDelegate.swift in Sources */,
			);
			runOnlyForDeploymentPostprocessing = 0;
		};
		BDE49F081F95254F00343C55 /* Sources */ = {
			isa = PBXSourcesBuildPhase;
			buildActionMask = 2147483647;
			files = (
				BDE49F111F95254F00343C55 /* pabloTimerTests.swift in Sources */,
			);
			runOnlyForDeploymentPostprocessing = 0;
		};
		BDE49F131F95254F00343C55 /* Sources */ = {
			isa = PBXSourcesBuildPhase;
			buildActionMask = 2147483647;
			files = (
				BDE49F1C1F95254F00343C55 /* pabloTimerUITests.swift in Sources */,
			);
			runOnlyForDeploymentPostprocessing = 0;
		};
/* End PBXSourcesBuildPhase section */

/* Begin PBXTargetDependency section */
		BDE49F0E1F95254F00343C55 /* PBXTargetDependency */ = {
			isa = PBXTargetDependency;
			target = BDE49EF91F95254F00343C55 /* pabloTimer */;
			targetProxy = BDE49F0D1F95254F00343C55 /* PBXContainerItemProxy */;
		};
		BDE49F191F95254F00343C55 /* PBXTargetDependency */ = {
			isa = PBXTargetDependency;
			target = BDE49EF91F95254F00343C55 /* pabloTimer */;
			targetProxy = BDE49F181F95254F00343C55 /* PBXContainerItemProxy */;
		};
/* End PBXTargetDependency section */

/* Begin PBXVariantGroup section */
		BDE49F031F95254F00343C55 /* Main.storyboard */ = {
			isa = PBXVariantGroup;
			children = (
				BDE49F041F95254F00343C55 /* Base */,
			);
			name = Main.storyboard;
			sourceTree = "<group>";
		};
/* End PBXVariantGroup section */

/* Begin XCBuildConfiguration section */
		BDE49F1E1F95254F00343C55 /* Debug */ = {
			isa = XCBuildConfiguration;
			buildSettings = {
				ALWAYS_SEARCH_USER_PATHS = NO;
				CLANG_ANALYZER_NONNULL = YES;
				CLANG_ANALYZER_NUMBER_OBJECT_CONVERSION = YES_AGGRESSIVE;
				CLANG_CXX_LANGUAGE_STANDARD = "gnu++14";
				CLANG_CXX_LIBRARY = "libc++";
				CLANG_ENABLE_MODULES = YES;
				CLANG_ENABLE_OBJC_ARC = YES;
				CLANG_WARN_BLOCK_CAPTURE_AUTORELEASING = YES;
				CLANG_WARN_BOOL_CONVERSION = YES;
				CLANG_WARN_COMMA = YES;
				CLANG_WARN_CONSTANT_CONVERSION = YES;
				CLANG_WARN_DIRECT_OBJC_ISA_USAGE = YES_ERROR;
				CLANG_WARN_DOCUMENTATION_COMMENTS = YES;
				CLANG_WARN_EMPTY_BODY = YES;
				CLANG_WARN_ENUM_CONVERSION = YES;
				CLANG_WARN_INFINITE_RECURSION = YES;
				CLANG_WARN_INT_CONVERSION = YES;
				CLANG_WARN_NON_LITERAL_NULL_CONVERSION = YES;
				CLANG_WARN_OBJC_LITERAL_CONVERSION = YES;
				CLANG_WARN_OBJC_ROOT_CLASS = YES_ERROR;
				CLANG_WARN_RANGE_LOOP_ANALYSIS = YES;
				CLANG_WARN_STRICT_PROTOTYPES = YES;
				CLANG_WARN_SUSPICIOUS_MOVE = YES;
				CLANG_WARN_UNGUARDED_AVAILABILITY = YES_AGGRESSIVE;
				CLANG_WARN_UNREACHABLE_CODE = YES;
				CLANG_WARN__DUPLICATE_METHOD_MATCH = YES;
				CODE_SIGN_IDENTITY = "Mac Developer";
				COPY_PHASE_STRIP = NO;
				DEBUG_INFORMATION_FORMAT = dwarf;
				ENABLE_STRICT_OBJC_MSGSEND = YES;
				ENABLE_TESTABILITY = YES;
				GCC_C_LANGUAGE_STANDARD = gnu11;
				GCC_DYNAMIC_NO_PIC = NO;
				GCC_NO_COMMON_BLOCKS = YES;
				GCC_OPTIMIZATION_LEVEL = 0;
				GCC_PREPROCESSOR_DEFINITIONS = (
					"DEBUG=1",
					"$(inherited)",
				);
				GCC_WARN_64_TO_32_BIT_CONVERSION = YES;
				GCC_WARN_ABOUT_RETURN_TYPE = YES_ERROR;
				GCC_WARN_UNDECLARED_SELECTOR = YES;
				GCC_WARN_UNINITIALIZED_AUTOS = YES_AGGRESSIVE;
				GCC_WARN_UNUSED_FUNCTION = YES;
				GCC_WARN_UNUSED_VARIABLE = YES;
				MACOSX_DEPLOYMENT_TARGET = 10.12;
				MTL_ENABLE_DEBUG_INFO = YES;
				ONLY_ACTIVE_ARCH = YES;
				SDKROOT = macosx;
				SWIFT_ACTIVE_COMPILATION_CONDITIONS = DEBUG;
				SWIFT_OPTIMIZATION_LEVEL = "-Onone";
			};
			name = Debug;
		};
		BDE49F1F1F95254F00343C55 /* Release */ = {
			isa = XCBuildConfiguration;
			buildSettings = {
				ALWAYS_SEARCH_USER_PATHS = NO;
				CLANG_ANALYZER_NONNULL = YES;
				CLANG_ANALYZER_NUMBER_OBJECT_CONVERSION = YES_AGGRESSIVE;
				CLANG_CXX_LANGUAGE_STANDARD = "gnu++14";
				CLANG_CXX_LIBRARY = "libc++";
				CLANG_ENABLE_MODULES = YES;
				CLANG_ENABLE_OBJC_ARC = YES;
				CLANG_WARN_BLOCK_CAPTURE_AUTORELEASING = YES;
				CLANG_WARN_BOOL_CONVERSION = YES;
				CLANG_WARN_COMMA = YES;
				CLANG_WARN_CONSTANT_CONVERSION = YES;
				CLANG_WARN_DIRECT_OBJC_ISA_USAGE = YES_ERROR;
				CLANG_WARN_DOCUMENTATION_COMMENTS = YES;
				CLANG_WARN_EMPTY_BODY = YES;
				CLANG_WARN_ENUM_CONVERSION = YES;
				CLANG_WARN_INFINITE_RECURSION = YES;
				CLANG_WARN_INT_CONVERSION = YES;
				CLANG_WARN_NON_LITERAL_NULL_CONVERSION = YES;
				CLANG_WARN_OBJC_LITERAL_CONVERSION = YES;
				CLANG_WARN_OBJC_ROOT_CLASS = YES_ERROR;
				CLANG_WARN_RANGE_LOOP_ANALYSIS = YES;
				CLANG_WARN_STRICT_PROTOTYPES = YES;
				CLANG_WARN_SUSPICIOUS_MOVE = YES;
				CLANG_WARN_UNGUARDED_AVAILABILITY = YES_AGGRESSIVE;
				CLANG_WARN_UNREACHABLE_CODE = YES;
				CLANG_WARN__DUPLICATE_METHOD_MATCH = YES;
				CODE_SIGN_IDENTITY = "Mac Developer";
				COPY_PHASE_STRIP = NO;
				DEBUG_INFORMATION_FORMAT = "dwarf-with-dsym";
				ENABLE_NS_ASSERTIONS = NO;
				ENABLE_STRICT_OBJC_MSGSEND = YES;
				GCC_C_LANGUAGE_STANDARD = gnu11;
				GCC_NO_COMMON_BLOCKS = YES;
				GCC_WARN_64_TO_32_BIT_CONVERSION = YES;
				GCC_WARN_ABOUT_RETURN_TYPE = YES_ERROR;
				GCC_WARN_UNDECLARED_SELECTOR = YES;
				GCC_WARN_UNINITIALIZED_AUTOS = YES_AGGRESSIVE;
				GCC_WARN_UNUSED_FUNCTION = YES;
				GCC_WARN_UNUSED_VARIABLE = YES;
				MACOSX_DEPLOYMENT_TARGET = 10.12;
				MTL_ENABLE_DEBUG_INFO = NO;
				SDKROOT = macosx;
				SWIFT_OPTIMIZATION_LEVEL = "-Owholemodule";
			};
			name = Release;
		};
		BDE49F211F95254F00343C55 /* Debug */ = {
			isa = XCBuildConfiguration;
			buildSettings = {
				ASSETCATALOG_COMPILER_APPICON_NAME = AppIcon;
				CODE_SIGN_ENTITLEMENTS = pabloTimer/pabloTimer.entitlements;
				CODE_SIGN_STYLE = Automatic;
				COMBINE_HIDPI_IMAGES = YES;
				DEVELOPMENT_TEAM = Q844VW9UW4;
				INFOPLIST_FILE = pabloTimer/Info.plist;
				LD_RUNPATH_SEARCH_PATHS = "$(inherited) @executable_path/../Frameworks";
				PRODUCT_BUNDLE_IDENTIFIER = com.colinWalsh.pabloTimer;
				PRODUCT_NAME = "$(TARGET_NAME)";
				SWIFT_VERSION = 4.0;
			};
			name = Debug;
		};
		BDE49F221F95254F00343C55 /* Release */ = {
			isa = XCBuildConfiguration;
			buildSettings = {
				ASSETCATALOG_COMPILER_APPICON_NAME = AppIcon;
				CODE_SIGN_ENTITLEMENTS = pabloTimer/pabloTimer.entitlements;
				CODE_SIGN_STYLE = Automatic;
				COMBINE_HIDPI_IMAGES = YES;
				DEVELOPMENT_TEAM = Q844VW9UW4;
				INFOPLIST_FILE = pabloTimer/Info.plist;
				LD_RUNPATH_SEARCH_PATHS = "$(inherited) @executable_path/../Frameworks";
				PRODUCT_BUNDLE_IDENTIFIER = com.colinWalsh.pabloTimer;
				PRODUCT_NAME = "$(TARGET_NAME)";
				SWIFT_VERSION = 4.0;
			};
			name = Release;
		};
		BDE49F241F95254F00343C55 /* Debug */ = {
			isa = XCBuildConfiguration;
			buildSettings = {
				ALWAYS_EMBED_SWIFT_STANDARD_LIBRARIES = YES;
				BUNDLE_LOADER = "$(TEST_HOST)";
				CODE_SIGN_STYLE = Automatic;
				COMBINE_HIDPI_IMAGES = YES;
				DEVELOPMENT_TEAM = E5335P94A9;
				INFOPLIST_FILE = pabloTimerTests/Info.plist;
				LD_RUNPATH_SEARCH_PATHS = "$(inherited) @executable_path/../Frameworks @loader_path/../Frameworks";
				PRODUCT_BUNDLE_IDENTIFIER = com.colinWalsh.pabloTimerTests;
				PRODUCT_NAME = "$(TARGET_NAME)";
				SWIFT_VERSION = 4.0;
				TEST_HOST = "$(BUILT_PRODUCTS_DIR)/pabloTimer.app/Contents/MacOS/pabloTimer";
			};
			name = Debug;
		};
		BDE49F251F95254F00343C55 /* Release */ = {
			isa = XCBuildConfiguration;
			buildSettings = {
				ALWAYS_EMBED_SWIFT_STANDARD_LIBRARIES = YES;
				BUNDLE_LOADER = "$(TEST_HOST)";
				CODE_SIGN_STYLE = Automatic;
				COMBINE_HIDPI_IMAGES = YES;
				DEVELOPMENT_TEAM = E5335P94A9;
				INFOPLIST_FILE = pabloTimerTests/Info.plist;
				LD_RUNPATH_SEARCH_PATHS = "$(inherited) @executable_path/../Frameworks @loader_path/../Frameworks";
				PRODUCT_BUNDLE_IDENTIFIER = com.colinWalsh.pabloTimerTests;
				PRODUCT_NAME = "$(TARGET_NAME)";
				SWIFT_VERSION = 4.0;
				TEST_HOST = "$(BUILT_PRODUCTS_DIR)/pabloTimer.app/Contents/MacOS/pabloTimer";
			};
			name = Release;
		};
		BDE49F271F95254F00343C55 /* Debug */ = {
			isa = XCBuildConfiguration;
			buildSettings = {
				ALWAYS_EMBED_SWIFT_STANDARD_LIBRARIES = YES;
				CODE_SIGN_STYLE = Automatic;
				COMBINE_HIDPI_IMAGES = YES;
				DEVELOPMENT_TEAM = E5335P94A9;
				INFOPLIST_FILE = pabloTimerUITests/Info.plist;
				LD_RUNPATH_SEARCH_PATHS = "$(inherited) @executable_path/../Frameworks @loader_path/../Frameworks";
				PRODUCT_BUNDLE_IDENTIFIER = com.colinWalsh.pabloTimerUITests;
				PRODUCT_NAME = "$(TARGET_NAME)";
				SWIFT_VERSION = 4.0;
				TEST_TARGET_NAME = pabloTimer;
			};
			name = Debug;
		};
		BDE49F281F95254F00343C55 /* Release */ = {
			isa = XCBuildConfiguration;
			buildSettings = {
				ALWAYS_EMBED_SWIFT_STANDARD_LIBRARIES = YES;
				CODE_SIGN_STYLE = Automatic;
				COMBINE_HIDPI_IMAGES = YES;
				DEVELOPMENT_TEAM = E5335P94A9;
				INFOPLIST_FILE = pabloTimerUITests/Info.plist;
				LD_RUNPATH_SEARCH_PATHS = "$(inherited) @executable_path/../Frameworks @loader_path/../Frameworks";
				PRODUCT_BUNDLE_IDENTIFIER = com.colinWalsh.pabloTimerUITests;
				PRODUCT_NAME = "$(TARGET_NAME)";
				SWIFT_VERSION = 4.0;
				TEST_TARGET_NAME = pabloTimer;
			};
			name = Release;
		};
/* End XCBuildConfiguration section */

/* Begin XCConfigurationList section */
		BDE49EF51F95254E00343C55 /* Build configuration list for PBXProject "pabloTimer" */ = {
			isa = XCConfigurationList;
			buildConfigurations = (
				BDE49F1E1F95254F00343C55 /* Debug */,
				BDE49F1F1F95254F00343C55 /* Release */,
			);
			defaultConfigurationIsVisible = 0;
			defaultConfigurationName = Release;
		};
		BDE49F201F95254F00343C55 /* Build configuration list for PBXNativeTarget "pabloTimer" */ = {
			isa = XCConfigurationList;
			buildConfigurations = (
				BDE49F211F95254F00343C55 /* Debug */,
				BDE49F221F95254F00343C55 /* Release */,
			);
			defaultConfigurationIsVisible = 0;
			defaultConfigurationName = Release;
		};
		BDE49F231F95254F00343C55 /* Build configuration list for PBXNativeTarget "pabloTimerTests" */ = {
			isa = XCConfigurationList;
			buildConfigurations = (
				BDE49F241F95254F00343C55 /* Debug */,
				BDE49F251F95254F00343C55 /* Release */,
			);
			defaultConfigurationIsVisible = 0;
			defaultConfigurationName = Release;
		};
		BDE49F261F95254F00343C55 /* Build configuration list for PBXNativeTarget "pabloTimerUITests" */ = {
			isa = XCConfigurationList;
			buildConfigurations = (
				BDE49F271F95254F00343C55 /* Debug */,
				BDE49F281F95254F00343C55 /* Release */,
			);
			defaultConfigurationIsVisible = 0;
			defaultConfigurationName = Release;
		};
/* End XCConfigurationList section */
	};
	rootObject = BDE49EF21F95254E00343C55 /* Project object */;
}
